<?xml version="1.0" encoding="utf-8"?>
<Project ToolsVersion="4.0" xmlns="http://schemas.microsoft.com/developer/msbuild/2003">
  <ItemGroup>
    <Filter Include="Source Files">
      <UniqueIdentifier>{4FC737F1-C7A5-4376-A066-2A32D752A2FF}</UniqueIdentifier>
      <Extensions>cpp;c;cc;cxx;def;odl;idl;hpj;bat;asm;asmx</Extensions>
    </Filter>
    <Filter Include="Header Files">
      <UniqueIdentifier>{93995380-89BD-4b04-88EB-625FBE52EBFB}</UniqueIdentifier>
      <Extensions>h;hpp;hxx;hm;inl;inc;xsd</Extensions>
    </Filter>
    <Filter Include="Resource Files">
      <UniqueIdentifier>{67DA6AB6-F800-4c08-8B7A-83BB121AAD01}</UniqueIdentifier>
      <Extensions>rc;ico;cur;bmp;dlg;rc2;rct;bin;rgs;gif;jpg;jpeg;jpe;resx;tiff;tif;png;wav;mfcribbon-ms</Extensions>
    </Filter>
    <Filter Include="Header Files\Graphics">
      <UniqueIdentifier>{db9ef34b-95c1-4b74-a776-6692f4ae8839}</UniqueIdentifier>
    </Filter>
    <Filter Include="Source Files\Graphics">
      <UniqueIdentifier>{25caeff3-a444-455c-a5ba-987fd8e06810}</UniqueIdentifier>
    </Filter>
    <Filter Include="Source Files\Data">
      <UniqueIdentifier>{3b092a9c-985f-4cdb-8c84-415bdaaeb40d}</UniqueIdentifier>
    </Filter>
    <Filter Include="Source Files\Data\World">
      <UniqueIdentifier>{b1a185e7-e533-4483-8958-ba75287c2fde}</UniqueIdentifier>
    </Filter>
    <Filter Include="Header Files\Data">
      <UniqueIdentifier>{2b1601b1-24af-467a-bfa0-32ca8c780146}</UniqueIdentifier>
    </Filter>
    <Filter Include="Header Files\Data\World">
      <UniqueIdentifier>{6c8b2247-9f80-4ced-baaf-1c7161ad73fe}</UniqueIdentifier>
    </Filter>
  </ItemGroup>
  <ItemGroup>
    <ClInclude Include="Tile.h">
      <Filter>Header Files\Data\World</Filter>
    </ClInclude>
    <ClInclude Include="Unit.h">
      <Filter>Header Files\Data\World</Filter>
    </ClInclude>
    <ClInclude Include="Terrain.h">
      <Filter>Header Files\Data\World</Filter>
    </ClInclude>
    <ClInclude Include="Improvement.h">
      <Filter>Header Files\Data\World</Filter>
    </ClInclude>
    <ClInclude Include="GUI.h">
      <Filter>Header Files\Graphics</Filter>
    </ClInclude>
    <ClInclude Include="Input.h">
      <Filter>Header Files</Filter>
    </ClInclude>
    <ClInclude Include="Visual.h">
      <Filter>Header Files\Graphics</Filter>
    </ClInclude>
    <ClInclude Include="WorldGraphics.h">
      <Filter>Header Files\Graphics</Filter>
    </ClInclude>
    <ClInclude Include="FullMenu.h">
      <Filter>Header Files\Graphics</Filter>
    </ClInclude>
    <ClInclude Include="World.h">
      <Filter>Header Files\Data\World</Filter>
    </ClInclude>
    <ClInclude Include="GameData.h">
      <Filter>Header Files\Data</Filter>
    </ClInclude>
    <ClInclude Include="Settings.h">
      <Filter>Header Files\Data</Filter>
    </ClInclude>
    <ClInclude Include="Audio.h">
      <Filter>Header Files</Filter>
    </ClInclude>
    <ClInclude Include="GUIData.h">
      <Filter>Header Files\Data</Filter>
    </ClInclude>
  </ItemGroup>
  <ItemGroup>
    <ClCompile Include="Main.cpp">
      <Filter>Source Files</Filter>
    </ClCompile>
    <ClCompile Include="Tile.cpp">
      <Filter>Source Files\Data\World</Filter>
    </ClCompile>
    <ClCompile Include="Unit.cpp">
      <Filter>Source Files\Data\World</Filter>
    </ClCompile>
    <ClCompile Include="Terrain.cpp">
      <Filter>Source Files\Data\World</Filter>
    </ClCompile>
    <ClCompile Include="Improvement.cpp">
      <Filter>Source Files\Data\World</Filter>
    </ClCompile>
    <ClCompile Include="GUI.cpp">
      <Filter>Source Files\Graphics</Filter>
    </ClCompile>
    <ClCompile Include="Input.cpp">
      <Filter>Source Files</Filter>
    </ClCompile>
    <ClCompile Include="Visual.cpp">
      <Filter>Source Files\Graphics</Filter>
    </ClCompile>
    <ClCompile Include="WorldGraphics.cpp">
      <Filter>Source Files\Graphics</Filter>
    </ClCompile>
    <ClCompile Include="FullMenu.cpp">
      <Filter>Source Files\Graphics</Filter>
    </ClCompile>
    <ClCompile Include="World.cpp">
      <Filter>Source Files\Data\World</Filter>
    </ClCompile>
    <ClCompile Include="GameData.cpp">
      <Filter>Source Files\Data</Filter>
    </ClCompile>
    <ClCompile Include="Audio.cpp">
      <Filter>Source Files</Filter>
    </ClCompile>
    <ClCompile Include="Settings.cpp">
      <Filter>Source Files\Data</Filter>
    </ClCompile>
    <ClCompile Include="GUIData.cpp">
      <Filter>Source Files\Data</Filter>
    </ClCompile>
  </ItemGroup>
</Project>